github.com/alpinejs/alpine v2.6.0+incompatible/go.mod h1:BKI81egATMnaKqFeX5HEfYMnjZjcjcZmrYAu5Nck+EY=
github.com/saderra/hugo-modules v0.0.0-20201112185923-36e836b039bd h1:X8wqt+K3QS0MPDPXhS5OkWkxXWgh05HCEZU+aCgpPqg=
github.com/saderra/hugo-modules/alpinejs v0.0.0-20201112185923-36e836b039bd h1:KOHmiziS0PuihijEn8UyTXMWuQ8ihZMfCRHVARrsfwg=
github.com/saderra/hugo-modules/alpinejs v0.0.0-20201112185923-36e836b039bd/go.mod h1:Wc1Gr/nmPvMu+K5oQHWwWZXyEBbI4jlgyrDEqaw3Ny8=
github.com/saderra/hugo-modules/alpinejs v0.0.0-20201125165449-2b157cfa2267 h1:QQoIR5VA12o4LitvDMfFIA/tYadU7KS4YFhsMX/gvCk=
github.com/saderra/hugo-modules/alpinejs v0.0.0-20201125165449-2b157cfa2267/go.mod h1:Wc1Gr/nmPvMu+K5oQHWwWZXyEBbI4jlgyrDEqaw3Ny8=
github.com/saderra/hugo-modules/blogtools v0.0.0-20201112185923-36e836b039bd h1:p4fYm0u64DiAJ+FkbGdHAG9AhxS5Yr263966b5oReLY=
github.com/saderra/hugo-modules/blogtools v0.0.0-20201112185923-36e836b039bd/go.mod h1:juNtx35bEcC3yVR94ssfVKHIlhDJXV6JJ4YQHf6BesM=
github.com/saderra/hugo-modules/blogtools v0.0.0-20201125165449-2b157cfa2267 h1:eY7C4wTFNyxUq10SVY9vJhtQBcvdaMIS1uZyYZDrybM=
github.com/saderra/hugo-modules/blogtools v0.0.0-20201125165449-2b157cfa2267/go.mod h1:juNtx35bEcC3yVR94ssfVKHIlhDJXV6JJ4YQHf6BesM=
github.com/saderra/hugo-modules/breadcrumbs v0.0.0-20201112185923-36e836b039bd h1:9P7hDEqm8rhsDN8FQyiHczCml5XFF4vy8HIffmBiSzs=
github.com/saderra/hugo-modules/breadcrumbs v0.0.0-20201112185923-36e836b039bd/go.mod h1:ccEWS/sh60W42CayFwIQ5tpyEWQOcAhyuAVBNXvBFNE=
github.com/saderra/hugo-modules/breadcrumbs v0.0.0-20201125165449-2b157cfa2267 h1:6iVB+4lEvPyax6V6pxUtBSNcwhk9bSD9v1vs353zRcU=
github.com/saderra/hugo-modules/breadcrumbs v0.0.0-20201125165449-2b157cfa2267/go.mod h1:ccEWS/sh60W42CayFwIQ5tpyEWQOcAhyuAVBNXvBFNE=
github.com/saderra/hugo-modules/netlifycms v0.0.0-20201112185923-36e836b039bd h1:Zy2TB1HvUtmGoFaC34TBY3giP3lbfm67bc5p6+4C4Oc=
github.com/saderra/hugo-modules/netlifycms v0.0.0-20201112185923-36e836b039bd/go.mod h1:11up4ge9pITBCToDMkMqISQiD5Fo2mx6ah9Q1aa2xLI=
github.com/saderra/hugo-modules/netlifycms v0.0.0-20201125165449-2b157cfa2267 h1:jbKXTaLIc2Jnv1r/gscPnA8GRV4dPGoJZfunXz0Hn6A=
github.com/saderra/hugo-modules/netlifycms v0.0.0-20201125165449-2b157cfa2267/go.mod h1:11up4ge9pITBCToDMkMqISQiD5Fo2mx6ah9Q1aa2xLI=
github.com/saderra/hugo-modules/turbolinks v0.0.0-20201112185923-36e836b039bd h1:ms8d6nYptM5YuWOBiBmsdmy3IFi/35nuRSXpE44aBb0=
github.com/saderra/hugo-modules/turbolinks v0.0.0-20201112185923-36e836b039bd/go.mod h1:w+iLFoA6MLXSZEweupjuzoo5E3oLuWYr0i5ka53NGMU=
github.com/saderra/hugo-modules/turbolinks v0.0.0-20201125165449-2b157cfa2267 h1:ZgQFJyPKT+MF+7/uwzdg3qWYU5mc1minnpaBHwpRo4g=
github.com/saderra/hugo-modules/turbolinks v0.0.0-20201125165449-2b157cfa2267/go.mod h1:w+iLFoA6MLXSZEweupjuzoo5E3oLuWYr0i5ka53NGMU=
github.com/saderra/hugo-modules/uitheme v0.0.0-20201112185923-36e836b039bd h1:I5ro4q8RxBXcQaisFjfF8LdyB/jegO5XB6sgm1roswI=
github.com/saderra/hugo-modules/uitheme v0.0.0-20201112185923-36e836b039bd/go.mod h1:zduP7HXqI222kJWua3wEpz/x0PaEms3YQ9u+2dnNsP0=
github.com/saderra/hugo-modules/uitheme v0.0.0-20201125165449-2b157cfa2267 h1:3fYIUyNrjtuyUbEx90LYDCNIECF8L+yMSebCuoVJ8Zs=
github.com/saderra/hugo-modules/uitheme v0.0.0-20201125165449-2b157cfa2267/go.mod h1:zduP7HXqI222kJWua3wEpz/x0PaEms3YQ9u+2dnNsP0=
github.com/turbolinks/turbolinks-source-gem v5.2.0+incompatible/go.mod h1:Cl0Br9tUXkQvxumVNGTvyaa7dqpFC2kPMrsS0Ttc94U=
